
Microsoft Visual Studio Solution File, Format Version 12.00
# Visual Studio 2012
Project("{FAE04EC0-301F-11D3-BF4B-00C04F79EFBC}") = "Wvlytics", "Wvlytics\Wvlytics.csproj", "{43BC9355-AB5B-4BFB-AEE1-B1E3A866068E}"
EndProject
Project("{FAE04EC0-301F-11D3-BF4B-00C04F79EFBC}") = "Wvlytics.Console", "Wvlytics.Console\Wvlytics.Console.csproj", "{34F48255-6348-47FA-BDA2-0D384BCC832C}"
EndProject
Project("{FAE04EC0-301F-11D3-BF4B-00C04F79EFBC}") = "Wvlytics.Web", "Wvlytics.Web\Wvlytics.Web.csproj", "{E931AA34-E5ED-419B-9342-DA3E777CCD31}"
EndProject
Global
	GlobalSection(SolutionConfigurationPlatforms) = preSolution
		Debug|Any CPU = Debug|Any CPU
		Release|Any CPU = Release|Any CPU
	EndGlobalSection
	GlobalSection(ProjectConfigurationPlatforms) = postSolution
		{43BC9355-AB5B-4BFB-AEE1-B1E3A866068E}.Debug|Any CPU.ActiveCfg = Debug|Any CPU
		{43BC9355-AB5B-4BFB-AEE1-B1E3A866068E}.Debug|Any CPU.Build.0 = Debug|Any CPU
		{43BC9355-AB5B-4BFB-AEE1-B1E3A866068E}.Release|Any CPU.ActiveCfg = Release|Any CPU
		{43BC9355-AB5B-4BFB-AEE1-B1E3A866068E}.Release|Any CPU.Build.0 = Release|Any CPU
		{34F48255-6348-47FA-BDA2-0D384BCC832C}.Debug|Any CPU.ActiveCfg = Debug|Any CPU
		{34F48255-6348-47FA-BDA2-0D384BCC832C}.Debug|Any CPU.Build.0 = Debug|Any CPU
		{34F48255-6348-47FA-BDA2-0D384BCC832C}.Release|Any CPU.ActiveCfg = Release|Any CPU
		{34F48255-6348-47FA-BDA2-0D384BCC832C}.Release|Any CPU.Build.0 = Release|Any CPU
		{E931AA34-E5ED-419B-9342-DA3E777CCD31}.Debug|Any CPU.ActiveCfg = Debug|Any CPU
		{E931AA34-E5ED-419B-9342-DA3E777CCD31}.Debug|Any CPU.Build.0 = Debug|Any CPU
		{E931AA34-E5ED-419B-9342-DA3E777CCD31}.Release|Any CPU.ActiveCfg = Release|Any CPU
		{E931AA34-E5ED-419B-9342-DA3E777CCD31}.Release|Any CPU.Build.0 = Release|Any CPU
	EndGlobalSection
	GlobalSection(SolutionProperties) = preSolution
		HideSolutionNode = FALSE
	EndGlobalSection
EndGlobal
